<?xml version="1.0" encoding="utf-8"?>
<Project ToolsVersion="4.0" xmlns="http://schemas.microsoft.com/developer/msbuild/2003">
  <ItemGroup>
    <Filter Include="Source Files">
      <UniqueIdentifier>{4FC737F1-C7A5-4376-A066-2A32D752A2FF}</UniqueIdentifier>
      <Extensions>cpp;c;cxx;def;odl;idl;hpj;bat;asm;asmx</Extensions>
    </Filter>
    <Filter Include="Header Files">
      <UniqueIdentifier>{93995380-89BD-4b04-88EB-625FBE52EBFB}</UniqueIdentifier>
      <Extensions>h;hpp;hxx;hm;inl;inc;xsd</Extensions>
    </Filter>
    <Filter Include="Resource Files">
      <UniqueIdentifier>{67DA6AB6-F800-4c08-8B7A-83BB121AAD01}</UniqueIdentifier>
      <Extensions>rc;ico;cur;bmp;dlg;rc2;rct;bin;rgs;gif;jpg;jpeg;jpe;resx</Extensions>
    </Filter>
  </ItemGroup>
  <ItemGroup>
    <ClCompile Include="SkullbonezSource\SkullbonezBoundingSphere.cpp">
      <Filter>Source Files</Filter>
    </ClCompile>
    <ClCompile Include="SkullbonezSource\SkullbonezCamera.cpp">
      <Filter>Source Files</Filter>
    </ClCompile>
    <ClCompile Include="SkullbonezSource\SkullbonezCameraCollection.cpp">
      <Filter>Source Files</Filter>
    </ClCompile>
    <ClCompile Include="SkullbonezSource\SkullbonezCollisionResponse.cpp">
      <Filter>Source Files</Filter>
    </ClCompile>
    <ClCompile Include="SkullbonezSource\SkullbonezGameModel.cpp">
      <Filter>Source Files</Filter>
    </ClCompile>
    <ClCompile Include="SkullbonezSource\SkullbonezGameModelCollection.cpp">
      <Filter>Source Files</Filter>
    </ClCompile>
    <ClCompile Include="SkullbonezSource\SkullbonezGeometricMath.cpp">
      <Filter>Source Files</Filter>
    </ClCompile>
    <ClCompile Include="SkullbonezSource\SkullbonezHelper.cpp">
      <Filter>Source Files</Filter>
    </ClCompile>
    <ClCompile Include="SkullbonezSource\SkullbonezInit.cpp">
      <Filter>Source Files</Filter>
    </ClCompile>
    <ClCompile Include="SkullbonezSource\SkullbonezInput.cpp">
      <Filter>Source Files</Filter>
    </ClCompile>
    <ClCompile Include="SkullbonezSource\SkullbonezQuaternion.cpp">
      <Filter>Source Files</Filter>
    </ClCompile>
    <ClCompile Include="SkullbonezSource\SkullbonezRigidBody.cpp">
      <Filter>Source Files</Filter>
    </ClCompile>
    <ClCompile Include="SkullbonezSource\SkullbonezRotationMatrix.cpp">
      <Filter>Source Files</Filter>
    </ClCompile>
    <ClCompile Include="SkullbonezSource\SkullbonezRun.cpp">
      <Filter>Source Files</Filter>
    </ClCompile>
    <ClCompile Include="SkullbonezSource\SkullbonezSkyBox.cpp">
      <Filter>Source Files</Filter>
    </ClCompile>
    <ClCompile Include="SkullbonezSource\SkullbonezTerrain.cpp">
      <Filter>Source Files</Filter>
    </ClCompile>
    <ClCompile Include="SkullbonezSource\SkullbonezText.cpp">
      <Filter>Source Files</Filter>
    </ClCompile>
    <ClCompile Include="SkullbonezSource\SkullbonezTextureCollection.cpp">
      <Filter>Source Files</Filter>
    </ClCompile>
    <ClCompile Include="SkullbonezSource\SkullbonezTimer.cpp">
      <Filter>Source Files</Filter>
    </ClCompile>
    <ClCompile Include="SkullbonezSource\SkullbonezVector3.cpp">
      <Filter>Source Files</Filter>
    </ClCompile>
    <ClCompile Include="SkullbonezSource\SkullbonezWindow.cpp">
      <Filter>Source Files</Filter>
    </ClCompile>
    <ClCompile Include="SkullbonezSource\SkullbonezWorldEnvironment.cpp">
      <Filter>Source Files</Filter>
    </ClCompile>
  </ItemGroup>
  <ItemGroup>
    <ClInclude Include="SkullbonezSource\SkullbonezBoundingSphere.h">
      <Filter>Header Files</Filter>
    </ClInclude>
    <ClInclude Include="SkullbonezSource\SkullbonezCamera.h">
      <Filter>Header Files</Filter>
    </ClInclude>
    <ClInclude Include="SkullbonezSource\SkullbonezCameraCollection.h">
      <Filter>Header Files</Filter>
    </ClInclude>
    <ClInclude Include="SkullbonezSource\SkullbonezCollisionResponse.h">
      <Filter>Header Files</Filter>
    </ClInclude>
    <ClInclude Include="SkullbonezSource\SkullbonezCommon.h">
      <Filter>Header Files</Filter>
    </ClInclude>
    <ClInclude Include="SkullbonezSource\SkullbonezDynamicsObject.h">
      <Filter>Header Files</Filter>
    </ClInclude>
    <ClInclude Include="SkullbonezSource\SkullbonezGameModel.h">
      <Filter>Header Files</Filter>
    </ClInclude>
    <ClInclude Include="SkullbonezSource\SkullbonezGameModelCollection.h">
      <Filter>Header Files</Filter>
    </ClInclude>
    <ClInclude Include="SkullbonezSource\SkullbonezGeometricMath.h">
      <Filter>Header Files</Filter>
    </ClInclude>
    <ClInclude Include="SkullbonezSource\SkullbonezGeometricStructures.h">
      <Filter>Header Files</Filter>
    </ClInclude>
    <ClInclude Include="SkullbonezSource\SkullbonezHelper.h">
      <Filter>Header Files</Filter>
    </ClInclude>
    <ClInclude Include="SkullbonezSource\SkullbonezInput.h">
      <Filter>Header Files</Filter>
    </ClInclude>
    <ClInclude Include="SkullbonezSource\SkullbonezQuaternion.h">
      <Filter>Header Files</Filter>
    </ClInclude>
    <ClInclude Include="SkullbonezSource\SkullbonezResponseInformation.h">
      <Filter>Header Files</Filter>
    </ClInclude>
    <ClInclude Include="SkullbonezSource\SkullbonezRigidBody.h">
      <Filter>Header Files</Filter>
    </ClInclude>
    <ClInclude Include="SkullbonezSource\SkullbonezRotationMatrix.h">
      <Filter>Header Files</Filter>
    </ClInclude>
    <ClInclude Include="SkullbonezSource\SkullbonezRun.h">
      <Filter>Header Files</Filter>
    </ClInclude>
    <ClInclude Include="SkullbonezSource\SkullbonezSkyBox.h">
      <Filter>Header Files</Filter>
    </ClInclude>
    <ClInclude Include="SkullbonezSource\SkullbonezTerrain.h">
      <Filter>Header Files</Filter>
    </ClInclude>
    <ClInclude Include="SkullbonezSource\SkullbonezText.h">
      <Filter>Header Files</Filter>
    </ClInclude>
    <ClInclude Include="SkullbonezSource\SkullbonezTextureCollection.h">
      <Filter>Header Files</Filter>
    </ClInclude>
    <ClInclude Include="SkullbonezSource\SkullbonezTimer.h">
      <Filter>Header Files</Filter>
    </ClInclude>
    <ClInclude Include="SkullbonezSource\SkullbonezVector3.h">
      <Filter>Header Files</Filter>
    </ClInclude>
    <ClInclude Include="SkullbonezSource\SkullbonezWindow.h">
      <Filter>Header Files</Filter>
    </ClInclude>
    <ClInclude Include="SkullbonezSource\SkullbonezWorldEnvironment.h">
      <Filter>Header Files</Filter>
    </ClInclude>
  </ItemGroup>
</Project>