<?xml version="1.0" encoding="utf-8"?>
<Project ToolsVersion="4.0" xmlns="http://schemas.microsoft.com/developer/msbuild/2003">
  <ItemGroup>
    <Filter Include="Source Files">
      <UniqueIdentifier>{4FC737F1-C7A5-4376-A066-2A32D752A2FF}</UniqueIdentifier>
      <Extensions>cpp;c;cxx;def;odl;idl;hpj;bat;asm;asmx</Extensions>
    </Filter>
    <Filter Include="Header Files">
      <UniqueIdentifier>{93995380-89BD-4b04-88EB-625FBE52EBFB}</UniqueIdentifier>
      <Extensions>h;hpp;hxx;hm;inl;inc;xsd</Extensions>
    </Filter>
    <Filter Include="Resource Files">
      <UniqueIdentifier>{67DA6AB6-F800-4c08-8B7A-83BB121AAD01}</UniqueIdentifier>
      <Extensions>rc;ico;cur;bmp;dlg;rc2;rct;bin;rgs;gif;jpg;jpeg;jpe;resx</Extensions>
    </Filter>
    <Filter Include="External">
      <UniqueIdentifier>{B1E6F7A2-2F4C-4C1A-9D6B-3A2E4F7C9D11}</UniqueIdentifier>
      <Extensions>c;cpp;h;hpp</Extensions>
    </Filter>
    <Filter Include="Project Files">
      <UniqueIdentifier>{96C12B09-1F41-4E6B-9C35-6B9019B07411}</UniqueIdentifier>
      <Extensions>config</Extensions>
    </Filter>
    <Filter Include="Style Files">
      <UniqueIdentifier>{A1795939-889D-4F24-A6C1-630621EC5124}</UniqueIdentifier>
      <Extensions>json</Extensions>
    </Filter>
    <Filter Include="Resource Files\HLSL">
      <UniqueIdentifier>{67DA6AB6-F800-4c08-8B7A-83BB121AAD03}</UniqueIdentifier>
      <Extensions>hlsl;dxil</Extensions>
    </Filter>
    <Filter Include="Source Files\Core">
      <UniqueIdentifier>{947BB0B3-1C18-4F5B-97CA-0F85E2A2BE01}</UniqueIdentifier>
    </Filter>
    <Filter Include="Source Files\Assets">
      <UniqueIdentifier>{0C8A9D4B-751B-42A4-B88A-AE3370B5F0D2}</UniqueIdentifier>
    </Filter>
    <Filter Include="Source Files\Maths">
      <UniqueIdentifier>{9D54DB4F-A0BB-4351-8CC6-F9F76CF3C4BB}</UniqueIdentifier>
    </Filter>
    <Filter Include="Source Files\GameObjects">
      <UniqueIdentifier>{7A9E59BA-4C36-4D31-8F89-45A343079C9A}</UniqueIdentifier>
    </Filter>
    <Filter Include="Source Files\Physics">
      <UniqueIdentifier>{7CEB98A0-75E7-40AD-91E5-E4075BE077F5}</UniqueIdentifier>
    </Filter>
    <Filter Include="Source Files\Rendering">
      <UniqueIdentifier>{D96252B2-F91C-4D79-B28C-66CB9E6E7C2B}</UniqueIdentifier>
    </Filter>
    <Filter Include="Source Files\Rendering\DX12">
      <UniqueIdentifier>{9467F69A-657B-4B6E-876C-AB6E6A628D9E}</UniqueIdentifier>
    </Filter>
    <Filter Include="Source Files\Scene">
      <UniqueIdentifier>{80FCA4B1-88B9-4F76-A6E7-070719B1124F}</UniqueIdentifier>
    </Filter>
    <Filter Include="Source Files\UI">
      <UniqueIdentifier>{2C90B792-6D8E-4A99-9C43-D956A32AFBE1}</UniqueIdentifier>
    </Filter>
    <Filter Include="Header Files\Core">
      <UniqueIdentifier>{4F0C1F7C-3528-438F-843C-9254D5F879E3}</UniqueIdentifier>
    </Filter>
    <Filter Include="Header Files\Assets">
      <UniqueIdentifier>{6A6E00A4-473F-4992-A78A-5B18F4D3E767}</UniqueIdentifier>
    </Filter>
    <Filter Include="Header Files\Maths">
      <UniqueIdentifier>{7A9FA734-4718-4E61-870D-F1683365AEB2}</UniqueIdentifier>
    </Filter>
    <Filter Include="Header Files\GameObjects">
      <UniqueIdentifier>{97DDA76D-6055-480F-9064-FA05F3332B8A}</UniqueIdentifier>
    </Filter>
    <Filter Include="Header Files\Physics">
      <UniqueIdentifier>{A5899E12-4DBE-4DCA-810A-B68F7BDE8517}</UniqueIdentifier>
    </Filter>
    <Filter Include="Header Files\Rendering">
      <UniqueIdentifier>{1541386D-A2BA-4E01-92CF-2922814D47F4}</UniqueIdentifier>
    </Filter>
    <Filter Include="Header Files\Rendering\DX12">
      <UniqueIdentifier>{0B69E6EE-2014-4D20-A21F-CA6C0DB6E5E4}</UniqueIdentifier>
    </Filter>
    <Filter Include="Header Files\Scene">
      <UniqueIdentifier>{FA147077-59C8-4AF9-B4A0-FF932697FE45}</UniqueIdentifier>
    </Filter>
    <Filter Include="Header Files\UI">
      <UniqueIdentifier>{4E809482-4DB4-42F5-8751-17F3D7E08639}</UniqueIdentifier>
    </Filter>
    <Filter Include="Scene Files">
      <UniqueIdentifier>{b5aa4a1f-3d6e-4912-a520-04b55a79f1e1}</UniqueIdentifier>
    </Filter>
  </ItemGroup>
  <ItemGroup>
    <ClCompile Include="SkullbonezSource\SkullbonezAssetSystem.cpp">
      <Filter>Source Files\Assets</Filter>
    </ClCompile>
    <ClCompile Include="SkullbonezSource\SkullbonezBoundingSphere.cpp">
      <Filter>Source Files\Physics</Filter>
    </ClCompile>
    <ClCompile Include="SkullbonezSource\SkullbonezConvexHullShape.cpp">
      <Filter>Source Files\Physics</Filter>
    </ClCompile>
    <ClCompile Include="SkullbonezSource\SkullbonezCamera.cpp">
      <Filter>Source Files\Core</Filter>
    </ClCompile>
    <ClCompile Include="SkullbonezSource\SkullbonezCameraCollection.cpp">
      <Filter>Source Files\Core</Filter>
    </ClCompile>
    <ClCompile Include="SkullbonezSource\SkullbonezGameModel.cpp">
      <Filter>Source Files\GameObjects</Filter>
    </ClCompile>
    <ClCompile Include="SkullbonezSource\SkullbonezGameModelCollection.cpp">
      <Filter>Source Files\GameObjects</Filter>
    </ClCompile>
    <ClCompile Include="SkullbonezSource\SkullbonezGameModelRenderer.cpp">
      <Filter>Source Files\Rendering</Filter>
    </ClCompile>
    <ClCompile Include="SkullbonezSource\SkullbonezGameModelStreams.cpp">
      <Filter>Source Files\GameObjects</Filter>
    </ClCompile>
    <ClCompile Include="SkullbonezSource\SkullbonezGameModelSoACache.cpp">
      <Filter>Source Files\GameObjects</Filter>
    </ClCompile>
    <ClCompile Include="SkullbonezSource\SkullbonezPersistentContactSolver.cpp">
      <Filter>Source Files\Physics</Filter>
    </ClCompile>
    <ClCompile Include="SkullbonezSource\SkullbonezPhysicsDiagnosticsSink.cpp">
      <Filter>Source Files\Physics</Filter>
    </ClCompile>
    <ClCompile Include="SkullbonezSource\SkullbonezPhysicsWorld.cpp">
      <Filter>Source Files\Physics</Filter>
    </ClCompile>
    <ClCompile Include="SkullbonezSource\SkullbonezSceneSnapshotWriter.cpp">
      <Filter>Source Files\Scene</Filter>
    </ClCompile>
    <ClCompile Include="SkullbonezSource\SkullbonezSceneRuntime.cpp">
      <Filter>Source Files\Core</Filter>
    </ClCompile>
    <ClCompile Include="SkullbonezSource\SkullbonezSimulationSystem.cpp">
      <Filter>Source Files\Core</Filter>
    </ClCompile>
    <ClCompile Include="SkullbonezSource\SkullbonezSleepIslandSystem.cpp">
      <Filter>Source Files\Physics</Filter>
    </ClCompile>
    <ClCompile Include="SkullbonezSource\SkullbonezSkullScope.cpp">
      <Filter>Source Files\Core</Filter>
    </ClCompile>
    <ClCompile Include="SkullbonezSource\SkullbonezGeometricMath.cpp">
      <Filter>Source Files\Maths</Filter>
    </ClCompile>
    <ClCompile Include="SkullbonezSource\SkullbonezHelper.cpp">
      <Filter>Source Files\Core</Filter>
    </ClCompile>
    <ClCompile Include="SkullbonezSource\SkullbonezInit.cpp">
      <Filter>Source Files\Core</Filter>
    </ClCompile>
    <ClCompile Include="SkullbonezSource\SkullbonezInput.cpp">
      <Filter>Source Files\Core</Filter>
    </ClCompile>
    <ClCompile Include="SkullbonezSource\SkullbonezLog.cpp">
      <Filter>Source Files\Core</Filter>
    </ClCompile>
    <ClCompile Include="SkullbonezSource\SkullbonezQuaternion.cpp">
      <Filter>Source Files\Maths</Filter>
    </ClCompile>
    <ClCompile Include="SkullbonezSource\SkullbonezRigidBody.cpp">
      <Filter>Source Files\Physics</Filter>
    </ClCompile>
    <ClCompile Include="SkullbonezSource\SkullbonezRotationMatrix.cpp">
      <Filter>Source Files\Maths</Filter>
    </ClCompile>
    <ClCompile Include="SkullbonezSource\SkullbonezConfig.cpp">
      <Filter>Source Files\Core</Filter>
    </ClCompile>
    <ClCompile Include="SkullbonezSource\SkullbonezRunCapture.cpp">
      <Filter>Source Files\Core</Filter>
    </ClCompile>
    <ClCompile Include="SkullbonezSource\SkullbonezRun.cpp">
      <Filter>Source Files\Core</Filter>
    </ClCompile>
    <ClCompile Include="SkullbonezSource\SkullbonezInputController.cpp">
      <Filter>Source Files\Core</Filter>
    </ClCompile>
    <ClCompile Include="SkullbonezSource\SkullbonezLockOrderValidator.cpp">
      <Filter>Source Files\Core</Filter>
    </ClCompile>
    <ClCompile Include="SkullbonezSource\SkullbonezRunFrame.cpp">
      <Filter>Source Files\Core</Filter>
    </ClCompile>
    <ClCompile Include="SkullbonezSource\SkullbonezRunInput.cpp">
      <Filter>Source Files\Core</Filter>
    </ClCompile>
    <ClCompile Include="SkullbonezSource\SkullbonezRunLiveStyle.cpp">
      <Filter>Source Files\Core</Filter>
    </ClCompile>
    <ClCompile Include="SkullbonezSource\SkullbonezRunPasses.cpp">
      <Filter>Source Files\Core</Filter>
    </ClCompile>
    <ClCompile Include="SkullbonezSource\SkullbonezRunRender.cpp">
      <Filter>Source Files\Core</Filter>
    </ClCompile>
    <ClCompile Include="SkullbonezSource\SkullbonezRunScene.cpp">
      <Filter>Source Files\Core</Filter>
    </ClCompile>
    <ClCompile Include="SkullbonezSource\SkullbonezRunStress.cpp">
      <Filter>Source Files\Core</Filter>
    </ClCompile>
    <ClCompile Include="SkullbonezSource\SkullbonezRunUiTextPass.cpp">
      <Filter>Source Files\Core</Filter>
    </ClCompile>
    <ClCompile Include="SkullbonezSource\SkullbonezRuntimeDiagnostics.cpp">
      <Filter>Source Files\Core</Filter>
    </ClCompile>
    <ClCompile Include="SkullbonezSource\SkullbonezSkyBox.cpp">
      <Filter>Source Files\Rendering</Filter>
    </ClCompile>
    <ClCompile Include="SkullbonezSource\SkullbonezSpatialGrid.cpp">
      <Filter>Source Files\Physics</Filter>
    </ClCompile>
    <ClCompile Include="SkullbonezSource\SkullbonezTerrain.cpp">
      <Filter>Source Files\Scene</Filter>
    </ClCompile>
    <ClCompile Include="SkullbonezSource\SkullbonezText.cpp">
      <Filter>Source Files\Rendering</Filter>
    </ClCompile>
    <ClCompile Include="SkullbonezSource\SkullbonezTextureCollection.cpp">
      <Filter>Source Files\Assets</Filter>
    </ClCompile>
    <ClCompile Include="SkullbonezSource\SkullbonezTimer.cpp">
      <Filter>Source Files\Core</Filter>
    </ClCompile>
    <ClCompile Include="SkullbonezSource\SkullbonezDrawCallTrace.cpp">
      <Filter>Source Files\Rendering</Filter>
    </ClCompile>
    <ClCompile Include="SkullbonezSource\SkullbonezTornadoField.cpp">
      <Filter>Source Files\Physics</Filter>
    </ClCompile>
    <ClCompile Include="SkullbonezSource\SkullbonezVector3.cpp">
      <Filter>Source Files\Maths</Filter>
    </ClCompile>
    <ClCompile Include="SkullbonezSource\SkullbonezWindow.cpp">
      <Filter>Source Files\Core</Filter>
    </ClCompile>
    <ClCompile Include="SkullbonezSource\SkullbonezWorkerPool.cpp">
      <Filter>Source Files\Core</Filter>
    </ClCompile>
    <ClCompile Include="SkullbonezSource\SkullbonezWorldEnvironment.cpp">
      <Filter>Source Files\Physics</Filter>
    </ClCompile>
    <ClCompile Include="SkullbonezSource\SkullbonezMatrix4.cpp">
      <Filter>Source Files\Maths</Filter>
    </ClCompile>
    <ClCompile Include="SkullbonezSource\SkullbonezTestScene.cpp">
      <Filter>Source Files\Scene</Filter>
    </ClCompile>
    <ClCompile Include="SkullbonezSource\SkullbonezTestSceneParser.cpp">
      <Filter>Source Files\Scene</Filter>
    </ClCompile>
    <ClCompile Include="SkullbonezSource\SkullbonezPlatformProfiler.cpp">
      <Filter>Source Files\Core</Filter>
    </ClCompile>
    <ClCompile Include="SkullbonezSource\SkullbonezProfiler.cpp">
      <Filter>Source Files\Core</Filter>
    </ClCompile>
    <ClCompile Include="SkullbonezSource\SkullbonezIRenderBackend.cpp">
      <Filter>Source Files\Rendering</Filter>
    </ClCompile>
    <ClCompile Include="SkullbonezSource\SkullbonezRenderGraph.cpp">
      <Filter>Source Files\Rendering</Filter>
    </ClCompile>
    <ClCompile Include="SkullbonezSource\SkullbonezDx12RenderGraphExecutor.cpp">
      <Filter>Source Files\Rendering\DX12</Filter>
    </ClCompile>
    <ClCompile Include="ThirdPtySource\stb\stb_image.cpp">
      <Filter>External</Filter>
    </ClCompile>
    <ClCompile Include="SkullbonezSource\SkullbonezRenderBackendDX12.cpp">
      <Filter>Source Files\Rendering\DX12</Filter>
    </ClCompile>
    <ClCompile Include="SkullbonezSource\SkullbonezRenderBackendDX12.DXR.cpp">
      <Filter>Source Files\Rendering\DX12</Filter>
    </ClCompile>
    <ClCompile Include="SkullbonezSource\SkullbonezRenderBackendDX12.DynamicGeometry.cpp">
      <Filter>Source Files\Rendering\DX12</Filter>
    </ClCompile>
    <ClCompile Include="SkullbonezSource\SkullbonezRenderBackendDX12.Pipeline.cpp">
      <Filter>Source Files\Rendering\DX12</Filter>
    </ClCompile>
    <ClCompile Include="SkullbonezSource\SkullbonezRenderBackendDX12.Profiler.cpp">
      <Filter>Source Files\Rendering\DX12</Filter>
    </ClCompile>
    <ClCompile Include="SkullbonezSource\SkullbonezRenderBackendDX12.Readback.cpp">
      <Filter>Source Files\Rendering\DX12</Filter>
    </ClCompile>
    <ClCompile Include="SkullbonezSource\SkullbonezRenderBackendDX12.Resources.cpp">
      <Filter>Source Files\Rendering\DX12</Filter>
    </ClCompile>
    <ClCompile Include="SkullbonezSource\SkullbonezRenderBackendDX12.Textures.cpp">
      <Filter>Source Files\Rendering\DX12</Filter>
    </ClCompile>
    <ClCompile Include="SkullbonezSource\SkullbonezRenderDeviceDX12.cpp">
      <Filter>Source Files\Rendering\DX12</Filter>
    </ClCompile>
    <ClCompile Include="SkullbonezSource\SkullbonezShaderDX12.cpp">
      <Filter>Source Files\Rendering\DX12</Filter>
    </ClCompile>
    <ClCompile Include="SkullbonezSource\SkullbonezMeshDX12.cpp">
      <Filter>Source Files\Rendering\DX12</Filter>
    </ClCompile>
    <ClCompile Include="SkullbonezSource\SkullbonezFramebufferDX12.cpp">
      <Filter>Source Files\Rendering\DX12</Filter>
    </ClCompile>
    <ClCompile Include="SkullbonezSource\SkullbonezBoundingBox.cpp">
      <Filter>Source Files\Physics</Filter>
    </ClCompile>
    <ClCompile Include="SkullbonezSource\SkullbonezBroadphaseVisualizer.cpp">
      <Filter>Source Files\Physics</Filter>
    </ClCompile>
    <ClCompile Include="SkullbonezSource\SkullbonezCaptureSystem.cpp">
      <Filter>Source Files\Core</Filter>
    </ClCompile>
    <ClCompile Include="SkullbonezSource\SkullbonezCollisionVisualizer.cpp">
      <Filter>Source Files\Physics</Filter>
    </ClCompile>
    <ClCompile Include="SkullbonezSource\SkullbonezObjectContactManifold.cpp">
      <Filter>Source Files\Physics</Filter>
    </ClCompile>
    <ClCompile Include="SkullbonezSource\SkullbonezPhysicsDebugVisualizer.cpp">
      <Filter>Source Files\Physics</Filter>
    </ClCompile>
    <ClCompile Include="SkullbonezSource\SkullbonezLauncherLaser.cpp">
      <Filter>Source Files\Core</Filter>
    </ClCompile>
    <ClCompile Include="SkullbonezSource\SkullbonezAmortizedTask.cpp">
      <Filter>Source Files\Core</Filter>
    </ClCompile>
    <ClCompile Include="SkullbonezSource\SkullbonezBLASDX12.cpp">
      <Filter>Source Files\Rendering\DX12</Filter>
    </ClCompile>
    <ClCompile Include="SkullbonezSource\SkullbonezTLASDX12.cpp">
      <Filter>Source Files\Rendering\DX12</Filter>
    </ClCompile>
    <ClCompile Include="SkullbonezSource\SkullbonezSBTDX12.cpp">
      <Filter>Source Files\Rendering\DX12</Filter>
    </ClCompile>
    <ClCompile Include="SkullbonezSource\UI\SkullbonezUI.cpp">
      <Filter>Source Files\UI</Filter>
    </ClCompile>
    <ClCompile Include="SkullbonezSource\UI\UIBackdropBlur.cpp">
      <Filter>Source Files\UI</Filter>
    </ClCompile>
    <ClCompile Include="SkullbonezSource\UI\UIButton.cpp">
      <Filter>Source Files\UI</Filter>
    </ClCompile>
    <ClCompile Include="SkullbonezSource\UI\UICheckBox.cpp">
      <Filter>Source Files\UI</Filter>
    </ClCompile>
    <ClCompile Include="SkullbonezSource\UI\UICache.cpp">
      <Filter>Source Files\UI</Filter>
    </ClCompile>
    <ClCompile Include="SkullbonezSource\UI\UIComboBox.cpp">
      <Filter>Source Files\UI</Filter>
    </ClCompile>
    <ClCompile Include="SkullbonezSource\UI\UIDraw.cpp">
      <Filter>Source Files\UI</Filter>
    </ClCompile>
    <ClCompile Include="SkullbonezSource\UI\UIDrawList.cpp">
      <Filter>Source Files\UI</Filter>
    </ClCompile>
    <ClCompile Include="SkullbonezSource\UI\UIDrawWidgets.cpp">
      <Filter>Source Files\UI</Filter>
    </ClCompile>
    <ClCompile Include="SkullbonezSource\UI\UIIconButton.cpp">
      <Filter>Source Files\UI</Filter>
    </ClCompile>
    <ClCompile Include="SkullbonezSource\UI\UIInput.cpp">
      <Filter>Source Files\UI</Filter>
    </ClCompile>
    <ClCompile Include="SkullbonezSource\UI\UILayout.cpp">
      <Filter>Source Files\UI</Filter>
    </ClCompile>
    <ClCompile Include="SkullbonezSource\UI\UIScrollBar.cpp">
      <Filter>Source Files\UI</Filter>
    </ClCompile>
    <ClCompile Include="SkullbonezSource\UI\UISlider.cpp">
      <Filter>Source Files\UI</Filter>
    </ClCompile>
    <ClCompile Include="SkullbonezSource\UI\UIStyle.cpp">
      <Filter>Source Files\UI</Filter>
    </ClCompile>
    <ClCompile Include="SkullbonezSource\UI\UITabBar.cpp">
      <Filter>Source Files\UI</Filter>
    </ClCompile>
    <ClCompile Include="SkullbonezSource\UI\UITabCinematic.cpp">
      <Filter>Source Files\UI</Filter>
    </ClCompile>
    <ClCompile Include="SkullbonezSource\UI\UITabControls.cpp">
      <Filter>Source Files\UI</Filter>
    </ClCompile>
    <ClCompile Include="SkullbonezSource\UI\UITabEditor.cpp">
      <Filter>Source Files\UI</Filter>
    </ClCompile>
    <ClCompile Include="SkullbonezSource\UI\UITabOptions.cpp">
      <Filter>Source Files\UI</Filter>
    </ClCompile>
    <ClCompile Include="SkullbonezSource\UI\UITabPhysics.cpp">
      <Filter>Source Files\UI</Filter>
    </ClCompile>
    <ClCompile Include="SkullbonezSource\UI\UITabProfiler.cpp">
      <Filter>Source Files\UI</Filter>
    </ClCompile>
    <ClCompile Include="SkullbonezSource\UI\UITabScene.cpp">
      <Filter>Source Files\UI</Filter>
    </ClCompile>
    <ClCompile Include="SkullbonezSource\UI\UIWindowChrome.cpp">
      <Filter>Source Files\UI</Filter>
    </ClCompile>
  </ItemGroup>
  <ItemGroup>
    <ClInclude Include="ThirdPtySource\nlohmann\json.hpp">
      <Filter>External</Filter>
    </ClInclude>
  </ItemGroup>
  <ItemGroup>
    <ClInclude Include="SkullbonezSource\SkullbonezAssetSystem.h">
      <Filter>Header Files\Assets</Filter>
    </ClInclude>
    <ClInclude Include="SkullbonezSource\SkullbonezBoundingSphere.h">
      <Filter>Header Files\Physics</Filter>
    </ClInclude>
    <ClInclude Include="SkullbonezSource\SkullbonezConvexHullShape.h">
      <Filter>Header Files\Physics</Filter>
    </ClInclude>
    <ClInclude Include="SkullbonezSource\SkullbonezCamera.h">
      <Filter>Header Files\Core</Filter>
    </ClInclude>
    <ClInclude Include="SkullbonezSource\SkullbonezCameraCollection.h">
      <Filter>Header Files\Core</Filter>
    </ClInclude>
    <ClInclude Include="SkullbonezSource\SkullbonezCollisionShape.h">
      <Filter>Header Files\Physics</Filter>
    </ClInclude>
    <ClInclude Include="SkullbonezSource\SkullbonezCommon.h">
      <Filter>Header Files\Core</Filter>
    </ClInclude>
    <ClInclude Include="SkullbonezSource\SkullbonezContactSolverCommon.h">
      <Filter>Header Files\Physics</Filter>
    </ClInclude>
    <ClInclude Include="SkullbonezSource\SkullbonezDrawCallTrace.h">
      <Filter>Header Files\Rendering</Filter>
    </ClInclude>
    <ClInclude Include="SkullbonezSource\SkullbonezFence.h">
      <Filter>Header Files\Core</Filter>
    </ClInclude>
    <ClInclude Include="SkullbonezSource\SkullbonezGameModel.h">
      <Filter>Header Files\GameObjects</Filter>
    </ClInclude>
    <ClInclude Include="SkullbonezSource\SkullbonezGameModelCollection.h">
      <Filter>Header Files\GameObjects</Filter>
    </ClInclude>
    <ClInclude Include="SkullbonezSource\SkullbonezGameModelRenderer.h">
      <Filter>Header Files\Rendering</Filter>
    </ClInclude>
    <ClInclude Include="SkullbonezSource\SkullbonezGameModelStreams.h">
      <Filter>Header Files\GameObjects</Filter>
    </ClInclude>
    <ClInclude Include="SkullbonezSource\SkullbonezGameModelSoACache.h">
      <Filter>Header Files\GameObjects</Filter>
    </ClInclude>
    <ClInclude Include="SkullbonezSource\SkullbonezPersistentContactSolver.h">
      <Filter>Header Files\Physics</Filter>
    </ClInclude>
    <ClInclude Include="SkullbonezSource\SkullbonezPhysicsDiagnosticsSink.h">
      <Filter>Header Files\Physics</Filter>
    </ClInclude>
    <ClInclude Include="SkullbonezSource\SkullbonezPhysicsMass.h">
      <Filter>Header Files\Physics</Filter>
    </ClInclude>
    <ClInclude Include="SkullbonezSource\SkullbonezPhysicsWorld.h">
      <Filter>Header Files\Physics</Filter>
    </ClInclude>
    <ClInclude Include="SkullbonezSource\SkullbonezSceneSnapshotWriter.h">
      <Filter>Header Files\Scene</Filter>
    </ClInclude>
    <ClInclude Include="SkullbonezSource\SkullbonezSleepIslandSystem.h">
      <Filter>Header Files\Physics</Filter>
    </ClInclude>
    <ClInclude Include="SkullbonezSource\SkullbonezSkullScope.h">
      <Filter>Header Files\Core</Filter>
    </ClInclude>
    <ClInclude Include="SkullbonezSource\SkullbonezGeometricMath.h">
      <Filter>Header Files\Maths</Filter>
    </ClInclude>
    <ClInclude Include="SkullbonezSource\SkullbonezGeometricStructures.h">
      <Filter>Header Files\Maths</Filter>
    </ClInclude>
    <ClInclude Include="SkullbonezSource\SkullbonezHelper.h">
      <Filter>Header Files\Core</Filter>
    </ClInclude>
    <ClInclude Include="SkullbonezSource\SkullbonezInput.h">
      <Filter>Header Files\Core</Filter>
    </ClInclude>
    <ClInclude Include="SkullbonezSource\SkullbonezInputController.h">
      <Filter>Header Files\Core</Filter>
    </ClInclude>
    <ClInclude Include="SkullbonezSource\SkullbonezLockOrderValidator.h">
      <Filter>Header Files\Core</Filter>
    </ClInclude>
    <ClInclude Include="SkullbonezSource\SkullbonezLog.h">
      <Filter>Header Files\Core</Filter>
    </ClInclude>
    <ClInclude Include="SkullbonezSource\SkullbonezPrimitiveMeshBuilder.h">
      <Filter>Header Files\Rendering</Filter>
    </ClInclude>
    <ClInclude Include="SkullbonezSource\SkullbonezQuaternion.h">
      <Filter>Header Files\Maths</Filter>
    </ClInclude>
    <ClInclude Include="SkullbonezSource\SkullbonezResponseInformation.h">
      <Filter>Header Files\Physics</Filter>
    </ClInclude>
    <ClInclude Include="SkullbonezSource\SkullbonezRigidBody.h">
      <Filter>Header Files\Physics</Filter>
    </ClInclude>
    <ClInclude Include="SkullbonezSource\SkullbonezRotationMatrix.h">
      <Filter>Header Files\Maths</Filter>
    </ClInclude>
    <ClInclude Include="SkullbonezSource\SkullbonezConfig.h">
      <Filter>Header Files\Core</Filter>
    </ClInclude>
    <ClInclude Include="SkullbonezSource\SkullbonezRun.h">
      <Filter>Header Files\Core</Filter>
    </ClInclude>
    <ClInclude Include="SkullbonezSource\SkullbonezRunInternal.h">
      <Filter>Header Files\Core</Filter>
    </ClInclude>
    <ClInclude Include="SkullbonezSource\SkullbonezRuntimeDiagnostics.h">
      <Filter>Header Files\Core</Filter>
    </ClInclude>
    <ClInclude Include="SkullbonezSource\SkullbonezSceneRuntime.h">
      <Filter>Header Files\Core</Filter>
    </ClInclude>
    <ClInclude Include="SkullbonezSource\SkullbonezSimulationSystem.h">
      <Filter>Header Files\Core</Filter>
    </ClInclude>
    <ClInclude Include="SkullbonezSource\SkullbonezSkyBox.h">
      <Filter>Header Files\Rendering</Filter>
    </ClInclude>
    <ClInclude Include="SkullbonezSource\SkullbonezSpatialGrid.h">
      <Filter>Header Files\Physics</Filter>
    </ClInclude>
    <ClInclude Include="SkullbonezSource\SkullbonezTerrain.h">
      <Filter>Header Files\Scene</Filter>
    </ClInclude>
    <ClInclude Include="SkullbonezSource\SkullbonezTerrainSupportClassifier.h">
      <Filter>Header Files\Physics</Filter>
    </ClInclude>
    <ClInclude Include="SkullbonezSource\SkullbonezText.h">
      <Filter>Header Files\Rendering</Filter>
    </ClInclude>
    <ClInclude Include="SkullbonezSource\SkullbonezTextureCollection.h">
      <Filter>Header Files\Assets</Filter>
    </ClInclude>
    <ClInclude Include="SkullbonezSource\SkullbonezTimer.h">
      <Filter>Header Files\Core</Filter>
    </ClInclude>
    <ClInclude Include="SkullbonezSource\SkullbonezTornadoField.h">
      <Filter>Header Files\Physics</Filter>
    </ClInclude>
    <ClInclude Include="SkullbonezSource\SkullbonezVector3.h">
      <Filter>Header Files\Maths</Filter>
    </ClInclude>
    <ClInclude Include="SkullbonezSource\SkullbonezWindow.h">
      <Filter>Header Files\Core</Filter>
    </ClInclude>
    <ClInclude Include="SkullbonezSource\SkullbonezWorkerPool.h">
      <Filter>Header Files\Core</Filter>
    </ClInclude>
    <ClInclude Include="SkullbonezSource\SkullbonezWorldEnvironment.h">
      <Filter>Header Files\Physics</Filter>
    </ClInclude>
    <ClInclude Include="SkullbonezSource\SkullbonezMatrix4.h">
      <Filter>Header Files\Maths</Filter>
    </ClInclude>
    <ClInclude Include="SkullbonezSource\SkullbonezTestScene.h">
      <Filter>Header Files\Scene</Filter>
    </ClInclude>
    <ClInclude Include="SkullbonezSource\SkullbonezPlatformProfiler.h">
      <Filter>Header Files\Core</Filter>
    </ClInclude>
    <ClInclude Include="SkullbonezSource\SkullbonezProfiler.h">
      <Filter>Header Files\Core</Filter>
    </ClInclude>
    <ClInclude Include="SkullbonezSource\SkullbonezIShader.h">
      <Filter>Header Files\Rendering</Filter>
    </ClInclude>
    <ClInclude Include="SkullbonezSource\SkullbonezIMesh.h">
      <Filter>Header Files\Rendering</Filter>
    </ClInclude>
    <ClInclude Include="SkullbonezSource\SkullbonezIFramebuffer.h">
      <Filter>Header Files\Rendering</Filter>
    </ClInclude>
    <ClInclude Include="SkullbonezSource\SkullbonezIRenderBackend.h">
      <Filter>Header Files\Rendering</Filter>
    </ClInclude>
    <ClInclude Include="SkullbonezSource\SkullbonezRenderGraph.h">
      <Filter>Header Files\Rendering</Filter>
    </ClInclude>
    <ClInclude Include="SkullbonezSource\SkullbonezDx12RenderGraphExecutor.h">
      <Filter>Header Files\Rendering\DX12</Filter>
    </ClInclude>
    <ClInclude Include="SkullbonezSource\SkullbonezRenderMaterial.h">
      <Filter>Header Files\Rendering</Filter>
    </ClInclude>
    <ClInclude Include="SkullbonezSource\SkullbonezRenderBackendDX12.h">
      <Filter>Header Files\Rendering\DX12</Filter>
    </ClInclude>
    <ClInclude Include="SkullbonezSource\SkullbonezRenderDeviceDX12.h">
      <Filter>Header Files\Rendering\DX12</Filter>
    </ClInclude>
    <ClInclude Include="SkullbonezSource\SkullbonezShaderContracts.h">
      <Filter>Header Files\Rendering\DX12</Filter>
    </ClInclude>
    <ClInclude Include="SkullbonezSource\SkullbonezShaderDX12.h">
      <Filter>Header Files\Rendering\DX12</Filter>
    </ClInclude>
    <ClInclude Include="SkullbonezSource\SkullbonezMeshDX12.h">
      <Filter>Header Files\Rendering\DX12</Filter>
    </ClInclude>
    <ClInclude Include="SkullbonezSource\SkullbonezFramebufferDX12.h">
      <Filter>Header Files\Rendering\DX12</Filter>
    </ClInclude>
    <ClInclude Include="SkullbonezSource\SkullbonezBoundingBox.h">
      <Filter>Header Files\Physics</Filter>
    </ClInclude>
    <ClInclude Include="SkullbonezSource\SkullbonezBroadphaseVisualizer.h">
      <Filter>Header Files\Physics</Filter>
    </ClInclude>
    <ClInclude Include="SkullbonezSource\SkullbonezCaptureSystem.h">
      <Filter>Header Files\Core</Filter>
    </ClInclude>
    <ClInclude Include="SkullbonezSource\SkullbonezCollisionVisualizer.h">
      <Filter>Header Files\Physics</Filter>
    </ClInclude>
    <ClInclude Include="SkullbonezSource\SkullbonezObjectContactManifold.h">
      <Filter>Header Files\Physics</Filter>
    </ClInclude>
    <ClInclude Include="SkullbonezSource\SkullbonezPhysicsDebugVisualizer.h">
      <Filter>Header Files\Physics</Filter>
    </ClInclude>
    <ClInclude Include="SkullbonezSource\SkullbonezLauncherLaser.h">
      <Filter>Header Files\Core</Filter>
    </ClInclude>
    <ClInclude Include="SkullbonezSource\SkullbonezAmortizedTask.h">
      <Filter>Header Files\Core</Filter>
    </ClInclude>
    <ClInclude Include="SkullbonezSource\SkullbonezBLASDX12.h">
      <Filter>Header Files\Rendering\DX12</Filter>
    </ClInclude>
    <ClInclude Include="SkullbonezSource\SkullbonezTLASDX12.h">
      <Filter>Header Files\Rendering\DX12</Filter>
    </ClInclude>
    <ClInclude Include="SkullbonezSource\SkullbonezSBTDX12.h">
      <Filter>Header Files\Rendering\DX12</Filter>
    </ClInclude>
    <ClInclude Include="SkullbonezSource\UI\SkullbonezUI.h">
      <Filter>Header Files\UI</Filter>
    </ClInclude>
    <ClInclude Include="SkullbonezSource\UI\UIBackdropBlur.h">
      <Filter>Header Files\UI</Filter>
    </ClInclude>
    <ClInclude Include="SkullbonezSource\UI\UIButton.h">
      <Filter>Header Files\UI</Filter>
    </ClInclude>
    <ClInclude Include="SkullbonezSource\UI\UICheckBox.h">
      <Filter>Header Files\UI</Filter>
    </ClInclude>
    <ClInclude Include="SkullbonezSource\UI\UICache.h">
      <Filter>Header Files\UI</Filter>
    </ClInclude>
    <ClInclude Include="SkullbonezSource\UI\UIComboBox.h">
      <Filter>Header Files\UI</Filter>
    </ClInclude>
    <ClInclude Include="SkullbonezSource\UI\UICommands.h">
      <Filter>Header Files\UI</Filter>
    </ClInclude>
    <ClInclude Include="SkullbonezSource\UI\UIDraw.h">
      <Filter>Header Files\UI</Filter>
    </ClInclude>
    <ClInclude Include="SkullbonezSource\UI\UIDrawList.h">
      <Filter>Header Files\UI</Filter>
    </ClInclude>
    <ClInclude Include="SkullbonezSource\UI\UIDrawWidgets.h">
      <Filter>Header Files\UI</Filter>
    </ClInclude>
    <ClInclude Include="SkullbonezSource\UI\UIIconButton.h">
      <Filter>Header Files\UI</Filter>
    </ClInclude>
    <ClInclude Include="SkullbonezSource\UI\UIInput.h">
      <Filter>Header Files\UI</Filter>
    </ClInclude>
    <ClInclude Include="SkullbonezSource\UI\UILayout.h">
      <Filter>Header Files\UI</Filter>
    </ClInclude>
    <ClInclude Include="SkullbonezSource\UI\UIScrollBar.h">
      <Filter>Header Files\UI</Filter>
    </ClInclude>
    <ClInclude Include="SkullbonezSource\UI\UISlider.h">
      <Filter>Header Files\UI</Filter>
    </ClInclude>
    <ClInclude Include="SkullbonezSource\UI\UIState.h">
      <Filter>Header Files\UI</Filter>
    </ClInclude>
    <ClInclude Include="SkullbonezSource\UI\UIStyle.h">
      <Filter>Header Files\UI</Filter>
    </ClInclude>
    <ClInclude Include="SkullbonezSource\UI\UITabBar.h">
      <Filter>Header Files\UI</Filter>
    </ClInclude>
    <ClInclude Include="SkullbonezSource\UI\UITabCinematic.h">
      <Filter>Header Files\UI</Filter>
    </ClInclude>
    <ClInclude Include="SkullbonezSource\UI\UITabControls.h">
      <Filter>Header Files\UI</Filter>
    </ClInclude>
    <ClInclude Include="SkullbonezSource\UI\UITabEditor.h">
      <Filter>Header Files\UI</Filter>
    </ClInclude>
    <ClInclude Include="SkullbonezSource\UI\UITabOptions.h">
      <Filter>Header Files\UI</Filter>
    </ClInclude>
    <ClInclude Include="SkullbonezSource\UI\UITabPhysics.h">
      <Filter>Header Files\UI</Filter>
    </ClInclude>
    <ClInclude Include="SkullbonezSource\UI\UITabProfiler.h">
      <Filter>Header Files\UI</Filter>
    </ClInclude>
    <ClInclude Include="SkullbonezSource\UI\UITabScene.h">
      <Filter>Header Files\UI</Filter>
    </ClInclude>
    <ClInclude Include="SkullbonezSource\UI\UIWindowChrome.h">
      <Filter>Header Files\UI</Filter>
    </ClInclude>
  </ItemGroup>
  <ItemGroup>
    <None Include="SkullbonezData\shaders\collision_visualizer.hlsl">
      <Filter>Resource Files\HLSL</Filter>
    </None>
    <None Include="SkullbonezData\shaders\generate_mips.hlsl">
      <Filter>Resource Files\HLSL</Filter>
    </None>
    <None Include="SkullbonezData\shaders\grid_line.hlsl">
      <Filter>Resource Files\HLSL</Filter>
    </None>
    <None Include="SkullbonezData\shaders\launcher_laser.hlsl">
      <Filter>Resource Files\HLSL</Filter>
    </None>
    <None Include="SkullbonezData\shaders\lit_textured.hlsl">
      <Filter>Resource Files\HLSL</Filter>
    </None>
    <None Include="SkullbonezData\shaders\lit_textured_instanced.hlsl">
      <Filter>Resource Files\HLSL</Filter>
    </None>
    <None Include="SkullbonezData\shaders\post_tonemap.hlsl">
      <Filter>Resource Files\HLSL</Filter>
    </None>
    <None Include="SkullbonezData\shaders\post_volumetric_light.hlsl">
      <Filter>Resource Files\HLSL</Filter>
    </None>
    <None Include="SkullbonezData\shaders\reflect.rt.dxil">
      <Filter>Resource Files\HLSL</Filter>
    </None>
    <None Include="SkullbonezData\shaders\reflect.rt.hlsl">
      <Filter>Resource Files\HLSL</Filter>
    </None>
    <None Include="SkullbonezData\shaders\shadow_depth.hlsl">
      <Filter>Resource Files\HLSL</Filter>
    </None>
    <None Include="SkullbonezData\shaders\shadow_depth_instanced.hlsl">
      <Filter>Resource Files\HLSL</Filter>
    </None>
    <None Include="SkullbonezData\shaders\sky_atmosphere.hlsl">
      <Filter>Resource Files\HLSL</Filter>
    </None>
    <None Include="SkullbonezData\shaders\solid_color.hlsl">
      <Filter>Resource Files\HLSL</Filter>
    </None>
    <None Include="SkullbonezData\shaders\solid_color_batch.hlsl">
      <Filter>Resource Files\HLSL</Filter>
    </None>
    <None Include="SkullbonezData\shaders\text.hlsl">
      <Filter>Resource Files\HLSL</Filter>
    </None>
    <None Include="SkullbonezData\shaders\UIBackdropBlur.hlsl">
      <Filter>Resource Files\HLSL</Filter>
    </None>
    <None Include="SkullbonezData\shaders\ui_render_target_preview.hlsl">
      <Filter>Resource Files\HLSL</Filter>
    </None>
    <None Include="SkullbonezData\shaders\unlit_textured.hlsl">
      <Filter>Resource Files\HLSL</Filter>
    </None>
    <None Include="SkullbonezData\shaders\water_calm.hlsl">
      <Filter>Resource Files\HLSL</Filter>
    </None>
    <None Include="SkullbonezData\shaders\water_ocean.hlsl">
      <Filter>Resource Files\HLSL</Filter>
    </None>
    <None Include="SkullbonezData\scenes\at_rest.scene.json">
      <Filter>Scene Files</Filter>
    </None>
    <None Include="SkullbonezData\scenes\ball_on_ball_shadow.scene.json">
      <Filter>Scene Files</Filter>
    </None>
    <None Include="SkullbonezData\scenes\ball_vs_ball_flight.scene.json">
      <Filter>Scene Files</Filter>
    </None>
    <None Include="SkullbonezData\scenes\ball_vs_box_flight.scene.json">
      <Filter>Scene Files</Filter>
    </None>
    <None Include="SkullbonezData\scenes\ball_vs_box_grounded.scene.json">
      <Filter>Scene Files</Filter>
    </None>
    <None Include="SkullbonezData\scenes\box_flush_test.scene.json">
      <Filter>Scene Files</Filter>
    </None>
    <None Include="SkullbonezData\scenes\box_slope_test.scene.json">
      <Filter>Scene Files</Filter>
    </None>
    <None Include="SkullbonezData\scenes\box_vs_ball_flight.scene.json">
      <Filter>Scene Files</Filter>
    </None>
    <None Include="SkullbonezData\scenes\box_vs_ball_grounded.scene.json">
      <Filter>Scene Files</Filter>
    </None>
    <None Include="SkullbonezData\scenes\bullet_x_axis_cells.scene.json">
      <Filter>Scene Files</Filter>
    </None>
    <None Include="SkullbonezData\scenes\cardinal_roll_test.scene.json">
      <Filter>Scene Files</Filter>
    </None>
    <None Include="SkullbonezData\scenes\cinematic_volumetric.scene.json">
      <Filter>Scene Files</Filter>
    </None>
    <None Include="SkullbonezData\scenes\collision_demo.suite.json">
      <Filter>Scene Files</Filter>
    </None>
    <None Include="SkullbonezData\scenes\collision_demo_ball_ball.scene.json">
      <Filter>Scene Files</Filter>
    </None>
    <None Include="SkullbonezData\scenes\collision_demo_box_ball.scene.json">
      <Filter>Scene Files</Filter>
    </None>
    <None Include="SkullbonezData\scenes\collision_demo_box_box.scene.json">
      <Filter>Scene Files</Filter>
    </None>
    <None Include="SkullbonezData\engine.cfg">
      <Filter>Scene Files</Filter>
    </None>
    <None Include="SkullbonezData\hulls\diamond.hull">
      <Filter>Scene Files</Filter>
    </None>
    <None Include="SkullbonezData\hulls\hex_prism.hull">
      <Filter>Scene Files</Filter>
    </None>
    <None Include="SkullbonezData\hulls\pyramid.hull">
      <Filter>Scene Files</Filter>
    </None>
    <None Include="SkullbonezData\hulls\tapered_block.hull">
      <Filter>Scene Files</Filter>
    </None>
    <None Include="SkullbonezData\hulls\tri_prism.hull">
      <Filter>Scene Files</Filter>
    </None>
    <None Include="SkullbonezData\hulls\wedge.hull">
      <Filter>Scene Files</Filter>
    </None>
    <None Include="SkullbonezData\scenes\convex_hull_collision.scene.json">
      <Filter>Scene Files</Filter>
    </None>
    <None Include="SkullbonezData\scenes\convex_hull_stacking.scene.json">
      <Filter>Scene Files</Filter>
    </None>
    <None Include="SkullbonezData\scenes\convex_hull_stress_sleep.scene.json">
      <Filter>Scene Files</Filter>
    </None>
    <None Include="SkullbonezData\scenes\float_snap_test.scene.json">
      <Filter>Scene Files</Filter>
    </None>
    <None Include="SkullbonezData\scenes\funnel_roll_test.scene.json">
      <Filter>Scene Files</Filter>
    </None>
    <None Include="SkullbonezData\scenes\material_authoring_contract.scene.json">
      <Filter>Scene Files</Filter>
    </None>
    <None Include="SkullbonezData\scenes\solver_smoke.scene.json">
      <Filter>Scene Files</Filter>
    </None>
    <None Include="SkullbonezData\scenes\perf_test.scene.json">
      <Filter>Scene Files</Filter>
    </None>
    <None Include="SkullbonezData\scenes\physics_baseline.scene.json">
      <Filter>Scene Files</Filter>
    </None>
    <None Include="SkullbonezData\scenes\physics_bench.suite.json">
      <Filter>Scene Files</Filter>
    </None>
    <None Include="SkullbonezData\scenes\physics_bench_solver.scene.json">
      <Filter>Scene Files</Filter>
    </None>
    <None Include="SkullbonezData\scenes\physics_bench_solver_balls.scene.json">
      <Filter>Scene Files</Filter>
    </None>
    <None Include="SkullbonezData\scenes\physics_bench_solver_boxes.scene.json">
      <Filter>Scene Files</Filter>
    </None>
    <None Include="SkullbonezData\scenes\physics_regression_solver.scene.json">
      <Filter>Scene Files</Filter>
    </None>
    <None Include="SkullbonezData\scenes\physics_roll.scene.json">
      <Filter>Scene Files</Filter>
    </None>
    <None Include="SkullbonezData\scenes\render_tests.suite.json">
      <Filter>Scene Files</Filter>
    </None>
    <None Include="SkullbonezData\scenes\roll_axis_test.scene.json">
      <Filter>Scene Files</Filter>
    </None>
    <None Include="SkullbonezData\scenes\stacking.scene.json">
      <Filter>Scene Files</Filter>
    </None>
    <None Include="SkullbonezData\scenes\terrain_compare.scene.json">
      <Filter>Scene Files</Filter>
    </None>
    <None Include="SkullbonezData\scenes\ui_blur_off.scene.json">
      <Filter>Scene Files</Filter>
    </None>
    <None Include="SkullbonezData\scenes\ui_blur_on.scene.json">
      <Filter>Scene Files</Filter>
    </None>
    <None Include="SkullbonezData\scenes\ui_profiler_hierarchy.scene.json">
      <Filter>Scene Files</Filter>
    </None>
    <None Include="SkullbonezData\scenes\ui_renderer_combo.scene.json">
      <Filter>Scene Files</Filter>
    </None>
    <None Include="SkullbonezData\scenes\ui_small_scroll.scene.json">
      <Filter>Scene Files</Filter>
    </None>
    <None Include="SkullbonezData\scenes\ui_tests.suite.json">
      <Filter>Scene Files</Filter>
    </None>
    <None Include="SkullbonezData\scenes\water_ball_test.scene.json">
      <Filter>Scene Files</Filter>
    </None>
    <None Include="SkullbonezData\scenes\box_crater_edge_repro.scene.json">
      <Filter>Scene Files</Filter>
    </None>
    <None Include="SkullbonezData\scenes\cause_effect_marble_run.scene.json">
      <Filter>Scene Files</Filter>
    </None>
    <None Include="SkullbonezData\scenes\perf_1000.scene.json">
      <Filter>Scene Files</Filter>
    </None>
    <None Include="SkullbonezData\scenes\physics_bench_varied.scene.json">
      <Filter>Scene Files</Filter>
    </None>
    <None Include="SkullbonezData\scenes\settle_test.scene.json">
      <Filter>Scene Files</Filter>
    </None>
    <None Include="SkullbonezData\scenes\standing_box_repro.scene.json">
      <Filter>Scene Files</Filter>
    </None>
    <None Include="packages.config">
      <Filter>Project Files</Filter>
    </None>
    <None Include="SkullbonezData\scenes\box_only_rest.scene.json">
      <Filter>Scene Files</Filter>
    </None>
    <None Include="SkullbonezData\scenes\bullet_sweep_object.scene.json">
      <Filter>Scene Files</Filter>
    </None>
    <None Include="SkullbonezData\scenes\bullet_sweep_terrain.scene.json">
      <Filter>Scene Files</Filter>
    </None>
    <None Include="SkullbonezData\scenes\bullet_sweep_wall.scene.json">
      <Filter>Scene Files</Filter>
    </None>
    <None Include="SkullbonezData\scenes\cinematic_shadow_map.scene.json">
      <Filter>Scene Files</Filter>
    </None>
    <None Include="SkullbonezData\scenes\concepts.suite.json">
      <Filter>Scene Files</Filter>
    </None>
    <None Include="SkullbonezData\scenes\concept_01_golden_hour_realism.scene.json">
      <Filter>Scene Files</Filter>
    </None>
    <None Include="SkullbonezData\scenes\concept_02_brutal_industrial.scene.json">
      <Filter>Scene Files</Filter>
    </None>
    <None Include="SkullbonezData\scenes\concept_03_studio_lighting_showcase.scene.json">
      <Filter>Scene Files</Filter>
    </None>
    <None Include="SkullbonezData\scenes\concept_04_neon_cyberpunk.scene.json">
      <Filter>Scene Files</Filter>
    </None>
    <None Include="SkullbonezData\scenes\concept_05_alien_planet.scene.json">
      <Filter>Scene Files</Filter>
    </None>
    <None Include="SkullbonezData\scenes\concept_06_desert_storm.scene.json">
      <Filter>Scene Files</Filter>
    </None>
    <None Include="SkullbonezData\scenes\concept_07_painterly.scene.json">
      <Filter>Scene Files</Filter>
    </None>
    <None Include="SkullbonezData\scenes\concept_08_retro_future_2005.scene.json">
      <Filter>Scene Files</Filter>
    </None>
    <None Include="SkullbonezData\scenes\concept_09_atmospheric_fog_world.scene.json">
      <Filter>Scene Files</Filter>
    </None>
    <None Include="SkullbonezData\scenes\concept_10_ocean_world.scene.json">
      <Filter>Scene Files</Filter>
    </None>
    <None Include="SkullbonezData\scenes\concept_11_scifi_test_chamber.scene.json">
      <Filter>Scene Files</Filter>
    </None>
    <None Include="SkullbonezData\scenes\concept_12_low_poly_art_style.scene.json">
      <Filter>Scene Files</Filter>
    </None>
    <None Include="SkullbonezData\scenes\concept_13_massive_scale.scene.json">
      <Filter>Scene Files</Filter>
    </None>
    <None Include="SkullbonezData\scenes\concept_14_storm_front.scene.json">
      <Filter>Scene Files</Filter>
    </None>
    <None Include="SkullbonezData\scenes\concept_15_photogrammetry_ground.scene.json">
      <Filter>Scene Files</Filter>
    </None>
    <None Include="SkullbonezData\scenes\concept_16_tron_grid.scene.json">
      <Filter>Scene Files</Filter>
    </None>
    <None Include="SkullbonezData\scenes\concept_17_dreamscape.scene.json">
      <Filter>Scene Files</Filter>
    </None>
    <None Include="SkullbonezData\scenes\concept_18_nordic_winter.scene.json">
      <Filter>Scene Files</Filter>
    </None>
    <None Include="SkullbonezData\scenes\concept_19_abstract_render_showcase.scene.json">
      <Filter>Scene Files</Filter>
    </None>
    <None Include="SkullbonezData\scenes\concept_20_pixar_inspired.scene.json">
      <Filter>Scene Files</Filter>
    </None>
    <None Include="SkullbonezData\scenes\rolling_shadow_contact.scene.json">
      <Filter>Scene Files</Filter>
    </None>
    <None Include="SkullbonezData\scenes\shadow_contact.scene.json">
      <Filter>Scene Files</Filter>
    </None>
    <None Include="SkullbonezData\scenes\shadow_map_plain.scene.json">
      <Filter>Scene Files</Filter>
    </None>
    <None Include="SkullbonezData\scenes\shooting_range.scene.json">
      <Filter>Scene Files</Filter>
    </None>
    <None Include="SkullbonezData\scenes\shooting_reaction_volley.scene.json">
      <Filter>Scene Files</Filter>
    </None>
    <None Include="SkullbonezData\scenes\terrain_contact_probe_debug.scene.json">
      <Filter>Scene Files</Filter>
    </None>
    <None Include="SkullbonezData\scenes\transparent_ball_water_alpha.scene.json">
      <Filter>Scene Files</Filter>
    </None>
    <None Include="SkullbonezData\scenes\ui_blur_moved_off.scene.json">
      <Filter>Scene Files</Filter>
    </None>
    <None Include="SkullbonezData\scenes\ui_blur_moved_on.scene.json">
      <Filter>Scene Files</Filter>
    </None>
    <None Include="SkullbonezData\scenes\ui_controls.scene.json">
      <Filter>Scene Files</Filter>
    </None>
    <None Include="SkullbonezData\scenes\ui_controls_bottom.scene.json">
      <Filter>Scene Files</Filter>
    </None>
    <None Include="SkullbonezData\scenes\ui_controls_bottom_bg.scene.json">
      <Filter>Scene Files</Filter>
    </None>
    <None Include="SkullbonezData\scenes\ui_controls_clip_scroll.scene.json">
      <Filter>Scene Files</Filter>
    </None>
    <None Include="SkullbonezData\scenes\ui_minimized.scene.json">
      <Filter>Scene Files</Filter>
    </None>
    <None Include="SkullbonezData\scenes\ui_min_size.scene.json">
      <Filter>Scene Files</Filter>
    </None>
    <None Include="SkullbonezData\scenes\ui_min_size_bg.scene.json">
      <Filter>Scene Files</Filter>
    </None>
    <None Include="SkullbonezData\scenes\ui_performance_histogram.scene.json">
      <Filter>Scene Files</Filter>
    </None>
    <None Include="SkullbonezData\scenes\ui_physics_toggles.scene.json">
      <Filter>Scene Files</Filter>
    </None>
    <None Include="SkullbonezData\scenes\ui_profiler_default.scene.json">
      <Filter>Scene Files</Filter>
    </None>
    <None Include="SkullbonezData\scenes\ui_profiler_timeline.scene.json">
      <Filter>Scene Files</Filter>
    </None>
    <None Include="SkullbonezData\scenes\ui_scene_complete.scene.json">
      <Filter>Scene Files</Filter>
    </None>
    <None Include="SkullbonezData\scenes\ui_scene_options.scene.json">
      <Filter>Scene Files</Filter>
    </None>
    <None Include="SkullbonezData\scenes\ui_stress.scene.json">
      <Filter>Scene Files</Filter>
    </None>
    <None Include="SkullbonezData\scenes\ui_water_combo.scene.json">
      <Filter>Scene Files</Filter>
    </None>
    <None Include="SkullbonezData\styles\abstract_render_showcase.style.json">
      <Filter>Style Files</Filter>
    </None>
    <None Include="SkullbonezData\styles\alien_planet.style.json">
      <Filter>Style Files</Filter>
    </None>
    <None Include="SkullbonezData\styles\atmospheric_fog_world.style.json">
      <Filter>Style Files</Filter>
    </None>
    <None Include="SkullbonezData\styles\brutal_industrial.style.json">
      <Filter>Style Files</Filter>
    </None>
    <None Include="SkullbonezData\styles\desert_storm.style.json">
      <Filter>Style Files</Filter>
    </None>
    <None Include="SkullbonezData\styles\dreamscape.style.json">
      <Filter>Style Files</Filter>
    </None>
    <None Include="SkullbonezData\styles\golden_hour_realism.style.json">
      <Filter>Style Files</Filter>
    </None>
    <None Include="SkullbonezData\styles\low_poly_art_style.style.json">
      <Filter>Style Files</Filter>
    </None>
    <None Include="SkullbonezData\styles\massive_scale.style.json">
      <Filter>Style Files</Filter>
    </None>
    <None Include="SkullbonezData\styles\material_authoring_contract.style.json">
      <Filter>Style Files</Filter>
    </None>
    <None Include="SkullbonezData\styles\neon_cyberpunk.style.json">
      <Filter>Style Files</Filter>
    </None>
    <None Include="SkullbonezData\styles\nordic_winter.style.json">
      <Filter>Style Files</Filter>
    </None>
    <None Include="SkullbonezData\styles\ocean_world.style.json">
      <Filter>Style Files</Filter>
    </None>
    <None Include="SkullbonezData\styles\painterly.style.json">
      <Filter>Style Files</Filter>
    </None>
    <None Include="SkullbonezData\styles\photogrammetry_ground.style.json">
      <Filter>Style Files</Filter>
    </None>
    <None Include="SkullbonezData\styles\pixar_inspired.style.json">
      <Filter>Style Files</Filter>
    </None>
    <None Include="SkullbonezData\styles\retro_future_2005.style.json">
      <Filter>Style Files</Filter>
    </None>
    <None Include="SkullbonezData\styles\scifi_test_chamber.style.json">
      <Filter>Style Files</Filter>
    </None>
    <None Include="SkullbonezData\styles\storm_front.style.json">
      <Filter>Style Files</Filter>
    </None>
    <None Include="SkullbonezData\styles\studio_lighting_showcase.style.json">
      <Filter>Style Files</Filter>
    </None>
    <None Include="SkullbonezData\styles\tron_grid.style.json">
      <Filter>Style Files</Filter>
    </None>
    <None Include="SkullbonezData\styles\_concept_base.style.json">
      <Filter>Style Files</Filter>
    </None>
  </ItemGroup>
</Project>
