<?xml version="1.0" encoding="utf-8"?>
<Project ToolsVersion="4.0" xmlns="http://schemas.microsoft.com/developer/msbuild/2003">
  <ItemGroup>
    <Filter Include="Source Files">
      <UniqueIdentifier>{B25E98F8-1671-4EF8-A5CB-68B416912E0E}</UniqueIdentifier>
      <Extensions>cpp;c;cxx;def;odl;idl;hpj;bat;asm;asmx</Extensions>
    </Filter>
    <Filter Include="Header Files">
      <UniqueIdentifier>{7F6FE446-C91D-49E1-8793-7547C9EAEB49}</UniqueIdentifier>
      <Extensions>h;hpp;hxx;hm;inl;inc;xsd</Extensions>
    </Filter>
    <Filter Include="External">
      <UniqueIdentifier>{A9A6924F-4E9E-419E-BE93-834B0D715D54}</UniqueIdentifier>
      <Extensions>c;cpp;h;hpp</Extensions>
    </Filter>
    <Filter Include="Source Files\Tests">
      <UniqueIdentifier>{7FE9CC7D-498C-4297-85D1-2E1344653D29}</UniqueIdentifier>
    </Filter>
    <Filter Include="Source Files\Core">
      <UniqueIdentifier>{6D78E017-7C94-4395-8805-7D563854A025}</UniqueIdentifier>
    </Filter>
    <Filter Include="Source Files\Assets">
      <UniqueIdentifier>{6A96B565-85DF-4E09-8F65-E5556EE490C5}</UniqueIdentifier>
    </Filter>
    <Filter Include="Source Files\Maths">
      <UniqueIdentifier>{6FF6208D-1EF1-4B2A-8701-C60839C18552}</UniqueIdentifier>
    </Filter>
    <Filter Include="Source Files\Physics">
      <UniqueIdentifier>{BB54C591-485D-4831-95BE-EC866F8F14C3}</UniqueIdentifier>
    </Filter>
    <Filter Include="Source Files\Runtime">
      <UniqueIdentifier>{B1E9B95C-2E68-4B0F-8EE6-EC0F5529E0BA}</UniqueIdentifier>
    </Filter>
    <Filter Include="Source Files\Runtime\Allocation">
      <UniqueIdentifier>{D8F59F97-F421-4B8B-AD58-274C63075BB0}</UniqueIdentifier>
    </Filter>
    <Filter Include="Source Files\Runtime\Replay">
      <UniqueIdentifier>{B75CFE80-5DE1-4FA6-B50A-6450A7E0A819}</UniqueIdentifier>
    </Filter>
    <Filter Include="Source Files\Runtime\Scene">
      <UniqueIdentifier>{F44133F6-7B35-4C37-BB2B-E2F8A746D8A4}</UniqueIdentifier>
    </Filter>
    <Filter Include="Source Files\Scene">
      <UniqueIdentifier>{B4027C52-533E-4F44-9B93-8775E7F77737}</UniqueIdentifier>
    </Filter>
    <Filter Include="Source Files\World">
      <UniqueIdentifier>{A355119C-F0D3-4E53-B343-31D3C7E8D81B}</UniqueIdentifier>
    </Filter>
    <Filter Include="Source Files\Rendering">
      <UniqueIdentifier>{8E9E77BA-E6E7-4C35-A9C6-8713679A3E3D}</UniqueIdentifier>
    </Filter>
    <Filter Include="Source Files\Rendering\DX12">
      <UniqueIdentifier>{FCB320E1-7619-45CB-AB24-E04477C0B1F9}</UniqueIdentifier>
    </Filter>
    <Filter Include="Header Files\Rendering\DX12">
      <UniqueIdentifier>{B2C29F49-A411-4248-82FD-1AB48D77DC51}</UniqueIdentifier>
    </Filter>
  </ItemGroup>
  <ItemGroup>
    <ClCompile Include="SkullbonezTests\TestAssetSystem.cpp">
      <Filter>Source Files\Tests</Filter>
    </ClCompile>
    <ClCompile Include="SkullbonezTests\TestBounds.cpp">
      <Filter>Source Files\Tests</Filter>
    </ClCompile>
    <ClCompile Include="SkullbonezTests\TestConvexHull.cpp">
      <Filter>Source Files\Tests</Filter>
    </ClCompile>
    <ClCompile Include="SkullbonezTests\TestDeterminism.cpp">
      <Filter>Source Files\Tests</Filter>
    </ClCompile>
    <ClCompile Include="SkullbonezTests\TestDemoDirector.cpp">
      <Filter>Source Files\Tests</Filter>
    </ClCompile>
    <ClCompile Include="SkullbonezTests\TestDx12OnlyRuntime.cpp">
      <Filter>Source Files\Tests</Filter>
    </ClCompile>
    <ClCompile Include="SkullbonezTests\TestDx12CachedPsoStore.cpp">
      <Filter>Source Files\Tests</Filter>
    </ClCompile>
    <ClCompile Include="SkullbonezSource\Rendering\DX12\Dx12CachedPsoStore.cpp">
      <Filter>Source Files\Rendering\DX12</Filter>
    </ClCompile>
    <ClCompile Include="SkullbonezTests\TestShaderReflectionContracts.cpp">
      <Filter>Source Files\Tests</Filter>
    </ClCompile>
    <ClCompile Include="SkullbonezTests\TestGeometricMath.cpp">
      <Filter>Source Files\Tests</Filter>
    </ClCompile>
    <ClCompile Include="SkullbonezTests\TestMain.cpp">
      <Filter>Source Files\Tests</Filter>
    </ClCompile>
    <ClCompile Include="SkullbonezTests\TestMatrix4.cpp">
      <Filter>Source Files\Tests</Filter>
    </ClCompile>
    <ClCompile Include="SkullbonezTests\TestObjectContactManifold.cpp">
      <Filter>Source Files\Tests</Filter>
    </ClCompile>
    <ClCompile Include="SkullbonezTests\TestOwnerRequestQueues.cpp">
      <Filter>Source Files\Tests</Filter>
    </ClCompile>
    <ClCompile Include="SkullbonezTests\TestSceneEntityStore.cpp">
      <Filter>Source Files\Tests</Filter>
    </ClCompile>
    <ClCompile Include="SkullbonezTests\TestSceneSnapshotWriter.cpp">
      <Filter>Source Files\Tests</Filter>
    </ClCompile>
    <ClCompile Include="SkullbonezTests\TestApplicationExitState.cpp">
      <Filter>Source Files\Tests</Filter>
    </ClCompile>
    <ClCompile Include="SkullbonezTests\TestConfig.cpp">
      <Filter>Source Files\Tests</Filter>
    </ClCompile>
    <ClCompile Include="SkullbonezTests\TestPersistentContactSolver.cpp">
      <Filter>Source Files\Tests</Filter>
    </ClCompile>
    <ClCompile Include="SkullbonezTests\TestPhysicsHandles.cpp">
      <Filter>Source Files\Tests</Filter>
    </ClCompile>
    <ClCompile Include="SkullbonezTests\TestQuaternion.cpp">
      <Filter>Source Files\Tests</Filter>
    </ClCompile>
    <ClCompile Include="SkullbonezTests\TestReserveAllocator.cpp">
      <Filter>Source Files\Tests</Filter>
    </ClCompile>
    <ClCompile Include="SkullbonezTests\TestRuntimeInputBindings.cpp">
      <Filter>Source Files\Tests</Filter>
    </ClCompile>
    <ClCompile Include="SkullbonezTests\TestReplayPredictionScheduling.cpp">
      <Filter>Source Files\Tests</Filter>
    </ClCompile>
    <ClCompile Include="SkullbonezTests\TestInputRouter.cpp">
      <Filter>Source Files\Tests</Filter>
    </ClCompile>
    <ClCompile Include="SkullbonezTests\TestReplayRecorder.cpp">
      <Filter>Source Files\Tests</Filter>
    </ClCompile>
    <ClCompile Include="SkullbonezTests\TestReplayRecorderFullCaptureBoundary.cpp">
      <Filter>Source Files\Tests</Filter>
    </ClCompile>
    <ClCompile Include="SkullbonezTests\TestSceneParserUnit.cpp">
      <Filter>Source Files\Tests</Filter>
    </ClCompile>
    <ClCompile Include="SkullbonezTests\TestSolverBroadphaseStage.cpp">
      <Filter>Source Files\Tests</Filter>
    </ClCompile>
    <ClCompile Include="SkullbonezTests\TestSpatialGrid.cpp">
      <Filter>Source Files\Tests</Filter>
    </ClCompile>
    <ClCompile Include="SkullbonezTests\TestSmoke.cpp">
      <Filter>Source Files\Tests</Filter>
    </ClCompile>
    <ClCompile Include="SkullbonezTests\TestTerrain.cpp">
      <Filter>Source Files\Tests</Filter>
    </ClCompile>
    <ClCompile Include="SkullbonezTests\TestVector3.cpp">
      <Filter>Source Files\Tests</Filter>
    </ClCompile>
    <ClCompile Include="SkullbonezSource\Assets\AssetSystem.cpp">
      <Filter>Source Files\Assets</Filter>
    </ClCompile>
    <ClCompile Include="SkullbonezSource\Core\Config.cpp">
      <Filter>Source Files\Core</Filter>
    </ClCompile>
    <ClCompile Include="SkullbonezSource\Core\FatalError.cpp">
      <Filter>Source Files\Core</Filter>
    </ClCompile>
    <ClCompile Include="SkullbonezSource\Core\Log.cpp">
      <Filter>Source Files\Core</Filter>
    </ClCompile>
    <ClCompile Include="SkullbonezSource\Core\Profiler.cpp">
      <Filter>Source Files\Core</Filter>
    </ClCompile>
    <ClCompile Include="SkullbonezSource\Core\SkullScope.cpp">
      <Filter>Source Files\Core</Filter>
    </ClCompile>
    <ClCompile Include="SkullbonezSource\Core\WorkerPool.cpp">
      <Filter>Source Files\Core</Filter>
    </ClCompile>
    <ClCompile Include="SkullbonezSource\Runtime\Allocation\RuntimeReserveAllocator.cpp">
      <Filter>Source Files\Runtime\Allocation</Filter>
    </ClCompile>
    <ClCompile Include="SkullbonezSource\Runtime\Allocation\RuntimeAllocationTracker.cpp">
      <Filter>Source Files\Runtime\Allocation</Filter>
    </ClCompile>
    <ClCompile Include="SkullbonezSource\Runtime\DemoDirector.cpp">
      <Filter>Source Files\Runtime</Filter>
    </ClCompile>
    <ClCompile Include="SkullbonezSource\Runtime\ApplicationExitState.cpp">
      <Filter>Source Files\Runtime</Filter>
    </ClCompile>
    <ClCompile Include="SkullbonezSource\Runtime\InputController.Bindings.cpp">
      <Filter>Source Files\Runtime</Filter>
    </ClCompile>
    <ClCompile Include="SkullbonezSource\Runtime\InputRouter.cpp">
      <Filter>Source Files\Runtime</Filter>
    </ClCompile>
    <ClCompile Include="SkullbonezSource\Runtime\CaptureController.cpp">
      <Filter>Source Files\Runtime</Filter>
    </ClCompile>
    <ClCompile Include="SkullbonezSource\Runtime\CaptureSystem.cpp">
      <Filter>Source Files\Runtime</Filter>
    </ClCompile>
    <ClCompile Include="SkullbonezSource\Runtime\RenderDefaultsStore.cpp">
      <Filter>Source Files\Runtime</Filter>
    </ClCompile>
    <ClCompile Include="SkullbonezSource\Runtime\Scene\SceneRequestQueue.cpp">
      <Filter>Source Files\Runtime\Scene</Filter>
    </ClCompile>
    <ClCompile Include="SkullbonezSource\Runtime\Scene\SceneEntityStore.cpp">
      <Filter>Source Files\Runtime\Scene</Filter>
    </ClCompile>
    <ClCompile Include="SkullbonezSource\Runtime\Scene\SceneRuntimeDefaults.cpp">
      <Filter>Source Files\Runtime\Scene</Filter>
    </ClCompile>
    <ClCompile Include="SkullbonezSource\Runtime\RuntimeFileWriter.cpp">
      <Filter>Source Files\Runtime</Filter>
    </ClCompile>
    <ClCompile Include="SkullbonezSource\Runtime\Replay\ReplayRecorder.cpp">
      <Filter>Source Files\Runtime\Replay</Filter>
    </ClCompile>
    <ClCompile Include="SkullbonezSource\Rendering\RenderInstanceStore.cpp">
      <Filter>Source Files\Rendering</Filter>
    </ClCompile>
    <ClCompile Include="SkullbonezSource\Scene\TestScene.cpp">
      <Filter>Source Files\Scene</Filter>
    </ClCompile>
    <ClCompile Include="SkullbonezSource\Scene\TestSceneParser.cpp">
      <Filter>Source Files\Scene</Filter>
    </ClCompile>
    <ClCompile Include="SkullbonezSource\Scene\TestSceneParserAssets.cpp">
      <Filter>Source Files\Scene</Filter>
    </ClCompile>
    <ClCompile Include="SkullbonezSource\Scene\TestSceneParserBodies.cpp">
      <Filter>Source Files\Scene</Filter>
    </ClCompile>
    <ClCompile Include="SkullbonezSource\Scene\TestSceneParserPresentation.cpp">
      <Filter>Source Files\Scene</Filter>
    </ClCompile>
    <ClCompile Include="SkullbonezSource\Scene\TestSceneParserRuntime.cpp">
      <Filter>Source Files\Scene</Filter>
    </ClCompile>
    <ClCompile Include="SkullbonezSource\Scene\SceneSnapshotWriter.cpp">
      <Filter>Source Files\Scene</Filter>
    </ClCompile>
    <ClCompile Include="SkullbonezSource\World\Terrain.cpp">
      <Filter>Source Files\World</Filter>
    </ClCompile>
  </ItemGroup>
  <ItemGroup>
    <ClInclude Include="SkullbonezSource\Rendering\DX12\Dx12CachedPsoStore.h">
      <Filter>Header Files\Rendering\DX12</Filter>
    </ClInclude>
    <ClInclude Include="ThirdPtySource\doctest\doctest.h">
      <Filter>External</Filter>
    </ClInclude>
  </ItemGroup>
</Project>
