<?xml version="1.0" encoding="utf-8"?>
<Project ToolsVersion="4.0" xmlns="http://schemas.microsoft.com/developer/msbuild/2003">
  <ItemGroup>
    <Filter Include="Source Files">
      <UniqueIdentifier>{4FC737F1-C7A5-4376-A066-2A32D752A2FF}</UniqueIdentifier>
    </Filter>
    <Filter Include="Header Files">
      <UniqueIdentifier>{93995380-89BD-4b04-88EB-625FBE52EBFB}</UniqueIdentifier>
    </Filter>
  </ItemGroup>
  <ItemGroup>
    <ClCompile Include="SkullbonezSource\Physics\BoundingBox.cpp">
      <Filter>Source Files</Filter>
    </ClCompile>
    <ClCompile Include="SkullbonezSource\Physics\BoundingSphere.cpp">
      <Filter>Source Files</Filter>
    </ClCompile>
    <ClCompile Include="SkullbonezSource\Physics\BuoyancySystem.cpp">
      <Filter>Source Files</Filter>
    </ClCompile>
    <ClCompile Include="SkullbonezSource\Physics\ColliderStore.cpp">
      <Filter>Source Files</Filter>
    </ClCompile>
    <ClCompile Include="SkullbonezSource\Physics\ConvexHullShape.cpp">
      <Filter>Source Files</Filter>
    </ClCompile>
    <ClCompile Include="SkullbonezSource\Physics\ObjectContactManifold.cpp">
      <Filter>Source Files</Filter>
    </ClCompile>
    <ClCompile Include="SkullbonezSource\Physics\PersistentContactSolver.cpp">
      <Filter>Source Files</Filter>
    </ClCompile>
    <ClCompile Include="SkullbonezSource\Physics\PhysicsApi.cpp">
      <Filter>Source Files</Filter>
    </ClCompile>
    <ClCompile Include="SkullbonezSource\Physics\PhysicsBodyStore.cpp">
      <Filter>Source Files</Filter>
    </ClCompile>
    <ClCompile Include="SkullbonezSource\Physics\PhysicsDiagnosticsSink.cpp">
      <Filter>Source Files</Filter>
    </ClCompile>
    <ClCompile Include="SkullbonezSource\Physics\PhysicsEngine.cpp">
      <Filter>Source Files</Filter>
    </ClCompile>
    <ClCompile Include="SkullbonezSource\Physics\PhysicsObjectPolicy.cpp">
      <Filter>Source Files</Filter>
    </ClCompile>
    <ClCompile Include="SkullbonezSource\Physics\PhysicsScene.cpp">
      <Filter>Source Files</Filter>
    </ClCompile>
    <ClCompile Include="SkullbonezSource\Physics\PhysicsWorld.cpp">
      <Filter>Source Files</Filter>
    </ClCompile>
    <ClCompile Include="SkullbonezSource\Physics\Ragdoll.cpp">
      <Filter>Source Files</Filter>
    </ClCompile>
    <ClCompile Include="SkullbonezSource\Physics\SimulationSystem.cpp">
      <Filter>Source Files</Filter>
    </ClCompile>
    <ClCompile Include="SkullbonezSource\Physics\SleepIslandSystem.cpp">
      <Filter>Source Files</Filter>
    </ClCompile>
    <ClCompile Include="SkullbonezSource\Physics\SpatialGrid.cpp">
      <Filter>Source Files</Filter>
    </ClCompile>
    <ClCompile Include="SkullbonezSource\Physics\TerrainContactManifold.cpp">
      <Filter>Source Files</Filter>
    </ClCompile>
    <ClCompile Include="SkullbonezSource\Physics\TornadoField.cpp">
      <Filter>Source Files</Filter>
    </ClCompile>
    <ClCompile Include="SkullbonezSource\Physics\TornadoGameplay.cpp">
      <Filter>Source Files</Filter>
    </ClCompile>
  </ItemGroup>
  <ItemGroup>
    <ClInclude Include="SkullbonezSource\Physics\BoundingBox.h">
      <Filter>Header Files</Filter>
    </ClInclude>
    <ClInclude Include="SkullbonezSource\Physics\BoundingSphere.h">
      <Filter>Header Files</Filter>
    </ClInclude>
    <ClInclude Include="SkullbonezSource\Physics\BuoyancySystem.h">
      <Filter>Header Files</Filter>
    </ClInclude>
    <ClInclude Include="SkullbonezSource\Physics\ColliderStore.h">
      <Filter>Header Files</Filter>
    </ClInclude>
    <ClInclude Include="SkullbonezSource\Physics\CollisionShape.h">
      <Filter>Header Files</Filter>
    </ClInclude>
    <ClInclude Include="SkullbonezSource\Physics\ContactSolverCommon.h">
      <Filter>Header Files</Filter>
    </ClInclude>
    <ClInclude Include="SkullbonezSource\Physics\ConvexHullShape.h">
      <Filter>Header Files</Filter>
    </ClInclude>
    <ClInclude Include="SkullbonezSource\Physics\DisjointSet.h">
      <Filter>Header Files</Filter>
    </ClInclude>
    <ClInclude Include="SkullbonezSource\Physics\ObjectContactManifold.h">
      <Filter>Header Files</Filter>
    </ClInclude>
    <ClInclude Include="SkullbonezSource\Physics\PersistentContactSolver.h">
      <Filter>Header Files</Filter>
    </ClInclude>
    <ClInclude Include="SkullbonezSource\Physics\PhysicsApi.h">
      <Filter>Header Files</Filter>
    </ClInclude>
    <ClInclude Include="SkullbonezSource\Physics\PhysicsBodyStore.h">
      <Filter>Header Files</Filter>
    </ClInclude>
    <ClInclude Include="SkullbonezSource\Physics\PhysicsDebugData.h">
      <Filter>Header Files</Filter>
    </ClInclude>
    <ClInclude Include="SkullbonezSource\Physics\PhysicsDiagnosticsModel.h">
      <Filter>Header Files</Filter>
    </ClInclude>
    <ClInclude Include="SkullbonezSource\Physics\PhysicsDiagnosticsSink.h">
      <Filter>Header Files</Filter>
    </ClInclude>
    <ClInclude Include="SkullbonezSource\Physics\PhysicsEngine.h">
      <Filter>Header Files</Filter>
    </ClInclude>
    <ClInclude Include="SkullbonezSource\Physics\PhysicsEngineStoreQueries.h">
      <Filter>Header Files</Filter>
    </ClInclude>
    <ClInclude Include="SkullbonezSource\Physics\PhysicsFixedList.h">
      <Filter>Header Files</Filter>
    </ClInclude>
    <ClInclude Include="SkullbonezSource\Physics\PhysicsHandles.h">
      <Filter>Header Files</Filter>
    </ClInclude>
    <ClInclude Include="SkullbonezSource\Physics\PhysicsMass.h">
      <Filter>Header Files</Filter>
    </ClInclude>
    <ClInclude Include="SkullbonezSource\Physics\PhysicsObjectPolicy.h">
      <Filter>Header Files</Filter>
    </ClInclude>
    <ClInclude Include="SkullbonezSource\Physics\PhysicsScene.h">
      <Filter>Header Files</Filter>
    </ClInclude>
    <ClInclude Include="SkullbonezSource\Physics\PhysicsTimestep.h">
      <Filter>Header Files</Filter>
    </ClInclude>
    <ClInclude Include="SkullbonezSource\Physics\PhysicsWorld.h">
      <Filter>Header Files</Filter>
    </ClInclude>
    <ClInclude Include="SkullbonezSource\Physics\PhysicsWorldForces.h">
      <Filter>Header Files</Filter>
    </ClInclude>
    <ClInclude Include="SkullbonezSource\Physics\Ragdoll.h">
      <Filter>Header Files</Filter>
    </ClInclude>
    <ClInclude Include="SkullbonezSource\Physics\SimulationSystem.h">
      <Filter>Header Files</Filter>
    </ClInclude>
    <ClInclude Include="SkullbonezSource\Physics\SleepIslandSystem.h">
      <Filter>Header Files</Filter>
    </ClInclude>
    <ClInclude Include="SkullbonezSource\Physics\SolverBroadphaseStage.h">
      <Filter>Header Files</Filter>
    </ClInclude>
    <ClInclude Include="SkullbonezSource\Physics\SpatialGrid.h">
      <Filter>Header Files</Filter>
    </ClInclude>
    <ClInclude Include="SkullbonezSource\Physics\TerrainContactManifold.h">
      <Filter>Header Files</Filter>
    </ClInclude>
    <ClInclude Include="SkullbonezSource\Physics\TornadoField.h">
      <Filter>Header Files</Filter>
    </ClInclude>
    <ClInclude Include="SkullbonezSource\Physics\TornadoGameplay.h">
      <Filter>Header Files</Filter>
    </ClInclude>
  </ItemGroup>
</Project>
