Microsoft Visual Studio Solution File, Format Version 12.00
# Visual Studio Version 16
VisualStudioVersion = 16.0.31112.23
MinimumVisualStudioVersion = 10.0.40219.1
Project("{8BC9CEB8-8B4A-11D0-8D11-00A0C91BC942}") = "SKULLBONEZ_CORE", "SKULLBONEZ_CORE.vcxproj", "{92972446-7D18-4AD1-AE43-15671C767306}"
EndProject
Project("{8BC9CEB8-8B4A-11D0-8D11-00A0C91BC942}") = "SKULLBONEZ_MATHS", "SKULLBONEZ_MATHS.vcxproj", "{5D4A47DA-54C6-4142-9FA9-1A63E976BA2D}"
EndProject
Project("{8BC9CEB8-8B4A-11D0-8D11-00A0C91BC942}") = "SKULLBONEZ_PHYSICS", "SKULLBONEZ_PHYSICS.vcxproj", "{2CC512B8-5A21-49F4-AE75-9982116F5B62}"
EndProject
Project("{8BC9CEB8-8B4A-11D0-8D11-00A0C91BC942}") = "SKULLBONEZ_TESTS", "SKULLBONEZ_TESTS.vcxproj", "{4EA1011B-106E-4BC2-B328-E873367F4E42}"
EndProject
Project("{8BC9CEB8-8B4A-11D0-8D11-00A0C91BC942}") = "SKULLBONEZ_UI", "SKULLBONEZ_UI.vcxproj", "{FE510761-8878-4B4F-8BDD-6485E6ACA7D4}"
EndProject
Project("{8BC9CEB8-8B4A-11D0-8D11-00A0C91BC942}") = "SKULLBONEZ_RENDERING", "SKULLBONEZ_RENDERING.vcxproj", "{7FBD5A77-1E84-4E6D-9A61-2C8F0A2B0D33}"
EndProject
Global
	GlobalSection(SolutionConfigurationPlatforms) = preSolution
		Automation|x64 = Automation|x64
		Debug|x64 = Debug|x64
		Profile|x64 = Profile|x64
		Profile-WPO|x64 = Profile-WPO|x64
		Release|x64 = Release|x64
	EndGlobalSection
	GlobalSection(ProjectConfigurationPlatforms) = postSolution
		{92972446-7D18-4AD1-AE43-15671C767306}.Automation|x64.ActiveCfg = Automation|x64
		{92972446-7D18-4AD1-AE43-15671C767306}.Automation|x64.Build.0 = Automation|x64
		{92972446-7D18-4AD1-AE43-15671C767306}.Debug|x64.ActiveCfg = Debug|x64
		{92972446-7D18-4AD1-AE43-15671C767306}.Debug|x64.Build.0 = Debug|x64
		{92972446-7D18-4AD1-AE43-15671C767306}.Profile|x64.ActiveCfg = Profile|x64
		{92972446-7D18-4AD1-AE43-15671C767306}.Profile|x64.Build.0 = Profile|x64
		{92972446-7D18-4AD1-AE43-15671C767306}.Profile-WPO|x64.Build.0 = Profile-WPO|x64
		{92972446-7D18-4AD1-AE43-15671C767306}.Profile-WPO|x64.ActiveCfg = Profile-WPO|x64
		{92972446-7D18-4AD1-AE43-15671C767306}.Release|x64.ActiveCfg = Release|x64
		{92972446-7D18-4AD1-AE43-15671C767306}.Release|x64.Build.0 = Release|x64
		{5D4A47DA-54C6-4142-9FA9-1A63E976BA2D}.Debug|x64.ActiveCfg = Debug|x64
		{5D4A47DA-54C6-4142-9FA9-1A63E976BA2D}.Automation|x64.ActiveCfg = Profile|x64
		{5D4A47DA-54C6-4142-9FA9-1A63E976BA2D}.Automation|x64.Build.0 = Profile|x64
		{5D4A47DA-54C6-4142-9FA9-1A63E976BA2D}.Debug|x64.Build.0 = Debug|x64
		{5D4A47DA-54C6-4142-9FA9-1A63E976BA2D}.Profile|x64.ActiveCfg = Profile|x64
		{5D4A47DA-54C6-4142-9FA9-1A63E976BA2D}.Profile|x64.Build.0 = Profile|x64
		{5D4A47DA-54C6-4142-9FA9-1A63E976BA2D}.Profile-WPO|x64.Build.0 = Profile-WPO|x64
		{5D4A47DA-54C6-4142-9FA9-1A63E976BA2D}.Profile-WPO|x64.ActiveCfg = Profile-WPO|x64
		{5D4A47DA-54C6-4142-9FA9-1A63E976BA2D}.Release|x64.ActiveCfg = Release|x64
		{5D4A47DA-54C6-4142-9FA9-1A63E976BA2D}.Release|x64.Build.0 = Release|x64
		{2CC512B8-5A21-49F4-AE75-9982116F5B62}.Debug|x64.ActiveCfg = Debug|x64
		{2CC512B8-5A21-49F4-AE75-9982116F5B62}.Automation|x64.ActiveCfg = Profile|x64
		{2CC512B8-5A21-49F4-AE75-9982116F5B62}.Automation|x64.Build.0 = Profile|x64
		{2CC512B8-5A21-49F4-AE75-9982116F5B62}.Debug|x64.Build.0 = Debug|x64
		{2CC512B8-5A21-49F4-AE75-9982116F5B62}.Profile|x64.ActiveCfg = Profile|x64
		{2CC512B8-5A21-49F4-AE75-9982116F5B62}.Profile|x64.Build.0 = Profile|x64
		{2CC512B8-5A21-49F4-AE75-9982116F5B62}.Profile-WPO|x64.ActiveCfg = Profile-WPO|x64
		{2CC512B8-5A21-49F4-AE75-9982116F5B62}.Profile-WPO|x64.Build.0 = Profile-WPO|x64
		{2CC512B8-5A21-49F4-AE75-9982116F5B62}.Release|x64.ActiveCfg = Release|x64
		{2CC512B8-5A21-49F4-AE75-9982116F5B62}.Release|x64.Build.0 = Release|x64
		{4EA1011B-106E-4BC2-B328-E873367F4E42}.Debug|x64.ActiveCfg = Debug|x64
		{4EA1011B-106E-4BC2-B328-E873367F4E42}.Automation|x64.ActiveCfg = Profile|x64
		{4EA1011B-106E-4BC2-B328-E873367F4E42}.Automation|x64.Build.0 = Profile|x64
		{4EA1011B-106E-4BC2-B328-E873367F4E42}.Debug|x64.Build.0 = Debug|x64
		{4EA1011B-106E-4BC2-B328-E873367F4E42}.Profile|x64.ActiveCfg = Profile|x64
		{4EA1011B-106E-4BC2-B328-E873367F4E42}.Profile|x64.Build.0 = Profile|x64
		{4EA1011B-106E-4BC2-B328-E873367F4E42}.Profile-WPO|x64.Build.0 = Profile-WPO|x64
		{4EA1011B-106E-4BC2-B328-E873367F4E42}.Profile-WPO|x64.ActiveCfg = Profile-WPO|x64
		{4EA1011B-106E-4BC2-B328-E873367F4E42}.Release|x64.ActiveCfg = Release|x64
		{4EA1011B-106E-4BC2-B328-E873367F4E42}.Release|x64.Build.0 = Release|x64
		{FE510761-8878-4B4F-8BDD-6485E6ACA7D4}.Automation|x64.ActiveCfg = Profile|x64
		{FE510761-8878-4B4F-8BDD-6485E6ACA7D4}.Automation|x64.Build.0 = Profile|x64
		{FE510761-8878-4B4F-8BDD-6485E6ACA7D4}.Debug|x64.ActiveCfg = Debug|x64
		{FE510761-8878-4B4F-8BDD-6485E6ACA7D4}.Debug|x64.Build.0 = Debug|x64
		{FE510761-8878-4B4F-8BDD-6485E6ACA7D4}.Profile|x64.ActiveCfg = Profile|x64
		{FE510761-8878-4B4F-8BDD-6485E6ACA7D4}.Profile|x64.Build.0 = Profile|x64
		{FE510761-8878-4B4F-8BDD-6485E6ACA7D4}.Profile-WPO|x64.ActiveCfg = Profile-WPO|x64
		{FE510761-8878-4B4F-8BDD-6485E6ACA7D4}.Profile-WPO|x64.Build.0 = Profile-WPO|x64
		{FE510761-8878-4B4F-8BDD-6485E6ACA7D4}.Release|x64.ActiveCfg = Release|x64
		{FE510761-8878-4B4F-8BDD-6485E6ACA7D4}.Release|x64.Build.0 = Release|x64
		{7FBD5A77-1E84-4E6D-9A61-2C8F0A2B0D33}.Automation|x64.ActiveCfg = Automation|x64
		{7FBD5A77-1E84-4E6D-9A61-2C8F0A2B0D33}.Automation|x64.Build.0 = Automation|x64
		{7FBD5A77-1E84-4E6D-9A61-2C8F0A2B0D33}.Debug|x64.ActiveCfg = Debug|x64
		{7FBD5A77-1E84-4E6D-9A61-2C8F0A2B0D33}.Debug|x64.Build.0 = Debug|x64
		{7FBD5A77-1E84-4E6D-9A61-2C8F0A2B0D33}.Profile|x64.ActiveCfg = Profile|x64
		{7FBD5A77-1E84-4E6D-9A61-2C8F0A2B0D33}.Profile|x64.Build.0 = Profile|x64
		{7FBD5A77-1E84-4E6D-9A61-2C8F0A2B0D33}.Profile-WPO|x64.ActiveCfg = Profile-WPO|x64
		{7FBD5A77-1E84-4E6D-9A61-2C8F0A2B0D33}.Profile-WPO|x64.Build.0 = Profile-WPO|x64
		{7FBD5A77-1E84-4E6D-9A61-2C8F0A2B0D33}.Release|x64.ActiveCfg = Release|x64
		{7FBD5A77-1E84-4E6D-9A61-2C8F0A2B0D33}.Release|x64.Build.0 = Release|x64
	EndGlobalSection
	GlobalSection(SolutionProperties) = preSolution
		HideSolutionNode = FALSE
	EndGlobalSection
	GlobalSection(ExtensibilityGlobals) = postSolution
		SolutionGuid = {02EC0D62-658B-4718-951A-CBDD2D11C6DA}
	EndGlobalSection
EndGlobal
